{
  "name": "rescript-test-docgen",
  "version": "1.0.0",
  "lockfileVersion": 2,
  "requires": true,
  "packages": {
    "": {
      "name": "rescript-test-docgen",
      "version": "1.0.0",
      "license": "ISC",
      "dependencies": {
        "@rescript/tools": "file:rescript-tools-0.1.0.tgz",
        "rescript": "^11.0.0-rc.4"
      }
    },
    "node_modules/@rescript/tools": {
      "version": "0.1.0",
      "resolved": "file:rescript-tools-0.1.0.tgz",
      "integrity": "sha512-ItnAcOPsdRj40t3/IK0b2IqkEIgdSbU0OUK7Ke9/khLVMgd782er7ejrV0vMF1ex5PLpIhD9xX86krczmKEVBg==",
      "license": "MIT",
      "dependencies": {
        "rescript": "^11.0.0-rc.4"
      },
      "bin": {
        "rescript-tools": "src/Cli.bs.js"
      },
      "engines": {
        "node": "*"
      }
    },
    "node_modules/rescript": {
      "version": "11.0.0-rc.4",
      "resolved": "https://registry.npmjs.org/rescript/-/rescript-11.0.0-rc.4.tgz",
      "integrity": "sha512-yh82o30J2/B/IwyPZjM+mc82FdyPkXRjXxlsUVEoyc5Z/snlq3Za2PhJhlfacwk+ui5lcOZsH8SndWPiI21vXg==",
      "hasInstallScript": true,
      "bin": {
        "bsc": "bsc",
        "bstracing": "lib/bstracing",
        "rescript": "rescript"
      },
      "engines": {
        "node": ">=10"
      }
    }
  },
  "dependencies": {
    "@rescript/tools": {
      "version": "file:rescript-tools-0.1.0.tgz",
      "integrity": "sha512-ItnAcOPsdRj40t3/IK0b2IqkEIgdSbU0OUK7Ke9/khLVMgd782er7ejrV0vMF1ex5PLpIhD9xX86krczmKEVBg==",
      "requires": {
        "rescript": "^11.0.0-rc.4"
      }
    },
    "rescript": {
      "version": "11.0.0-rc.4",
      "resolved": "https://registry.npmjs.org/rescript/-/rescript-11.0.0-rc.4.tgz",
      "integrity": "sha512-yh82o30J2/B/IwyPZjM+mc82FdyPkXRjXxlsUVEoyc5Z/snlq3Za2PhJhlfacwk+ui5lcOZsH8SndWPiI21vXg=="
    }
  }
}
